
Microsoft Visual Studio Solution File, Format Version 12.00
# Visual Studio Version 17
VisualStudioVersion = 17.2.32630.192
MinimumVisualStudioVersion = 10.0.40219.1
Project("{9A19103F-16F7-4668-BE54-9A1E7A4F7556}") = "FalconOne.API", "FalconOne\FalconOne.API.csproj", "{C14AAC30-4EE1-49CA-9F7D-C79DDADAC288}"
EndProject
Project("{9A19103F-16F7-4668-BE54-9A1E7A4F7556}") = "FalconOne.DAL", "FalconOne.DLL\FalconOne.DAL.csproj", "{F13C8923-C604-4E3E-B8B7-9B55B259146A}"
EndProject
Project("{9A19103F-16F7-4668-BE54-9A1E7A4F7556}") = "FalconeOne.BLL", "FalconeOne.BLL\FalconeOne.BLL.csproj", "{B8951D3F-3A6A-4EC8-BBDC-422D3C1FC1C7}"
EndProject
Project("{9A19103F-16F7-4668-BE54-9A1E7A4F7556}") = "FalconOne.Helpers", "Utilities\FalconOne.Helpers.csproj", "{5B371FBC-5B7F-43AC-B103-1CF257A8511C}"
EndProject
Project("{9A19103F-16F7-4668-BE54-9A1E7A4F7556}") = "FalconOne.Models", "FalconOne.Models\FalconOne.Models.csproj", "{33F794EA-A879-4487-9A4E-28E22E3C3ED5}"
EndProject
Project("{9A19103F-16F7-4668-BE54-9A1E7A4F7556}") = "FalconOne.Extensions", "FalconOne.ExtensionMethods\FalconOne.Extensions.csproj", "{EC59A262-DAB6-4A5F-8CCF-4B072FA65797}"
EndProject
Project("{9A19103F-16F7-4668-BE54-9A1E7A4F7556}") = "FalconOne.Middleware", "FalconOne.Middleware\FalconOne.Middleware.csproj", "{79EAB32C-F213-4664-ADF5-1769D23FC8B6}"
EndProject
Project("{9A19103F-16F7-4668-BE54-9A1E7A4F7556}") = "FalconOne.Enumerations", "FalconOne.Enumerations\FalconOne.Enumerations.csproj", "{6017AA88-5E5D-40E4-B75A-AFFD478F73A4}"
EndProject
Project("{2150E333-8FDC-42A3-9474-1A3956D46DE8}") = "Utilities", "Utilities", "{3A921E4B-423F-4154-A6DB-8B99F9F9C798}"
EndProject
Project("{9A19103F-16F7-4668-BE54-9A1E7A4F7556}") = "FalconOne.Security", "FalconOne.Security\FalconOne.Security.csproj", "{5135AF76-18E9-4D95-83AC-44B49FD8FF4E}"
EndProject
Project("{2150E333-8FDC-42A3-9474-1A3956D46DE8}") = "DistributedSystems", "DistributedSystems", "{79478B36-24AE-4D0B-A6CF-BDEBA4DFAC20}"
EndProject
Project("{2150E333-8FDC-42A3-9474-1A3956D46DE8}") = "AI", "AI", "{2EC1E8F4-C004-421C-A3B3-B551BE5A6E38}"
EndProject
Project("{9A19103F-16F7-4668-BE54-9A1E7A4F7556}") = "FalconOne.AI.Core", "FalconOne.AI.Core\FalconOne.AI.Core.csproj", "{596D2163-46EC-4CF3-92D2-40231C70B8D6}"
EndProject
Project("{9A19103F-16F7-4668-BE54-9A1E7A4F7556}") = "FalconOne.AI.Models", "FalconOne.AI.Models\FalconOne.AI.Models.csproj", "{4AD627F0-3887-422B-9CB5-FC77ECDF47ED}"
EndProject
Project("{9A19103F-16F7-4668-BE54-9A1E7A4F7556}") = "FalconOne.AI.Pipelines", "FalconOne.AI.Pipelines\FalconOne.AI.Pipelines.csproj", "{896F88D7-17BC-4623-84FE-AA4E4814BC20}"
EndProject
Project("{9A19103F-16F7-4668-BE54-9A1E7A4F7556}") = "FalconOne.AI.TrainedModels", "FalconOne.AI.TrainedModels\FalconOne.AI.TrainedModels.csproj", "{2A401E2E-9673-47AC-B3E1-C791BEA5046F}"
EndProject
Project("{9A19103F-16F7-4668-BE54-9A1E7A4F7556}") = "FalconOne.Integrations", "FalconOne.Integrations\FalconOne.Integrations.csproj", "{CD219B94-FD80-420E-AABF-09C5D4E4F640}"
EndProject
Project("{2150E333-8FDC-42A3-9474-1A3956D46DE8}") = "Tests", "Tests", "{C5FD8F9E-D9EE-4C86-A250-EB73BBA85B4A}"
EndProject
Project("{FAE04EC0-301F-11D3-BF4B-00C04F79EFBC}") = "FalconOne.API.Tests", "FalconOne.API.Tests\FalconOne.API.Tests.csproj", "{5C0886B8-5223-4DBA-A641-E230FE9EDC8D}"
EndProject
Global
	GlobalSection(SolutionConfigurationPlatforms) = preSolution
		Debug|Any CPU = Debug|Any CPU
		Release|Any CPU = Release|Any CPU
	EndGlobalSection
	GlobalSection(ProjectConfigurationPlatforms) = postSolution
		{C14AAC30-4EE1-49CA-9F7D-C79DDADAC288}.Debug|Any CPU.ActiveCfg = Debug|Any CPU
		{C14AAC30-4EE1-49CA-9F7D-C79DDADAC288}.Debug|Any CPU.Build.0 = Debug|Any CPU
		{C14AAC30-4EE1-49CA-9F7D-C79DDADAC288}.Release|Any CPU.ActiveCfg = Release|Any CPU
		{C14AAC30-4EE1-49CA-9F7D-C79DDADAC288}.Release|Any CPU.Build.0 = Release|Any CPU
		{F13C8923-C604-4E3E-B8B7-9B55B259146A}.Debug|Any CPU.ActiveCfg = Debug|Any CPU
		{F13C8923-C604-4E3E-B8B7-9B55B259146A}.Debug|Any CPU.Build.0 = Debug|Any CPU
		{F13C8923-C604-4E3E-B8B7-9B55B259146A}.Release|Any CPU.ActiveCfg = Release|Any CPU
		{F13C8923-C604-4E3E-B8B7-9B55B259146A}.Release|Any CPU.Build.0 = Release|Any CPU
		{B8951D3F-3A6A-4EC8-BBDC-422D3C1FC1C7}.Debug|Any CPU.ActiveCfg = Debug|Any CPU
		{B8951D3F-3A6A-4EC8-BBDC-422D3C1FC1C7}.Debug|Any CPU.Build.0 = Debug|Any CPU
		{B8951D3F-3A6A-4EC8-BBDC-422D3C1FC1C7}.Release|Any CPU.ActiveCfg = Release|Any CPU
		{B8951D3F-3A6A-4EC8-BBDC-422D3C1FC1C7}.Release|Any CPU.Build.0 = Release|Any CPU
		{5B371FBC-5B7F-43AC-B103-1CF257A8511C}.Debug|Any CPU.ActiveCfg = Debug|Any CPU
		{5B371FBC-5B7F-43AC-B103-1CF257A8511C}.Debug|Any CPU.Build.0 = Debug|Any CPU
		{5B371FBC-5B7F-43AC-B103-1CF257A8511C}.Release|Any CPU.ActiveCfg = Release|Any CPU
		{5B371FBC-5B7F-43AC-B103-1CF257A8511C}.Release|Any CPU.Build.0 = Release|Any CPU
		{33F794EA-A879-4487-9A4E-28E22E3C3ED5}.Debug|Any CPU.ActiveCfg = Debug|Any CPU
		{33F794EA-A879-4487-9A4E-28E22E3C3ED5}.Debug|Any CPU.Build.0 = Debug|Any CPU
		{33F794EA-A879-4487-9A4E-28E22E3C3ED5}.Release|Any CPU.ActiveCfg = Release|Any CPU
		{33F794EA-A879-4487-9A4E-28E22E3C3ED5}.Release|Any CPU.Build.0 = Release|Any CPU
		{EC59A262-DAB6-4A5F-8CCF-4B072FA65797}.Debug|Any CPU.ActiveCfg = Debug|Any CPU
		{EC59A262-DAB6-4A5F-8CCF-4B072FA65797}.Debug|Any CPU.Build.0 = Debug|Any CPU
		{EC59A262-DAB6-4A5F-8CCF-4B072FA65797}.Release|Any CPU.ActiveCfg = Release|Any CPU
		{EC59A262-DAB6-4A5F-8CCF-4B072FA65797}.Release|Any CPU.Build.0 = Release|Any CPU
		{79EAB32C-F213-4664-ADF5-1769D23FC8B6}.Debug|Any CPU.ActiveCfg = Debug|Any CPU
		{79EAB32C-F213-4664-ADF5-1769D23FC8B6}.Debug|Any CPU.Build.0 = Debug|Any CPU
		{79EAB32C-F213-4664-ADF5-1769D23FC8B6}.Release|Any CPU.ActiveCfg = Release|Any CPU
		{79EAB32C-F213-4664-ADF5-1769D23FC8B6}.Release|Any CPU.Build.0 = Release|Any CPU
		{6017AA88-5E5D-40E4-B75A-AFFD478F73A4}.Debug|Any CPU.ActiveCfg = Debug|Any CPU
		{6017AA88-5E5D-40E4-B75A-AFFD478F73A4}.Debug|Any CPU.Build.0 = Debug|Any CPU
		{6017AA88-5E5D-40E4-B75A-AFFD478F73A4}.Release|Any CPU.ActiveCfg = Release|Any CPU
		{6017AA88-5E5D-40E4-B75A-AFFD478F73A4}.Release|Any CPU.Build.0 = Release|Any CPU
		{5135AF76-18E9-4D95-83AC-44B49FD8FF4E}.Debug|Any CPU.ActiveCfg = Debug|Any CPU
		{5135AF76-18E9-4D95-83AC-44B49FD8FF4E}.Debug|Any CPU.Build.0 = Debug|Any CPU
		{5135AF76-18E9-4D95-83AC-44B49FD8FF4E}.Release|Any CPU.ActiveCfg = Release|Any CPU
		{5135AF76-18E9-4D95-83AC-44B49FD8FF4E}.Release|Any CPU.Build.0 = Release|Any CPU
		{596D2163-46EC-4CF3-92D2-40231C70B8D6}.Debug|Any CPU.ActiveCfg = Debug|Any CPU
		{596D2163-46EC-4CF3-92D2-40231C70B8D6}.Debug|Any CPU.Build.0 = Debug|Any CPU
		{596D2163-46EC-4CF3-92D2-40231C70B8D6}.Release|Any CPU.ActiveCfg = Release|Any CPU
		{596D2163-46EC-4CF3-92D2-40231C70B8D6}.Release|Any CPU.Build.0 = Release|Any CPU
		{4AD627F0-3887-422B-9CB5-FC77ECDF47ED}.Debug|Any CPU.ActiveCfg = Debug|Any CPU
		{4AD627F0-3887-422B-9CB5-FC77ECDF47ED}.Debug|Any CPU.Build.0 = Debug|Any CPU
		{4AD627F0-3887-422B-9CB5-FC77ECDF47ED}.Release|Any CPU.ActiveCfg = Release|Any CPU
		{4AD627F0-3887-422B-9CB5-FC77ECDF47ED}.Release|Any CPU.Build.0 = Release|Any CPU
		{896F88D7-17BC-4623-84FE-AA4E4814BC20}.Debug|Any CPU.ActiveCfg = Debug|Any CPU
		{896F88D7-17BC-4623-84FE-AA4E4814BC20}.Debug|Any CPU.Build.0 = Debug|Any CPU
		{896F88D7-17BC-4623-84FE-AA4E4814BC20}.Release|Any CPU.ActiveCfg = Release|Any CPU
		{896F88D7-17BC-4623-84FE-AA4E4814BC20}.Release|Any CPU.Build.0 = Release|Any CPU
		{2A401E2E-9673-47AC-B3E1-C791BEA5046F}.Debug|Any CPU.ActiveCfg = Debug|Any CPU
		{2A401E2E-9673-47AC-B3E1-C791BEA5046F}.Debug|Any CPU.Build.0 = Debug|Any CPU
		{2A401E2E-9673-47AC-B3E1-C791BEA5046F}.Release|Any CPU.ActiveCfg = Release|Any CPU
		{2A401E2E-9673-47AC-B3E1-C791BEA5046F}.Release|Any CPU.Build.0 = Release|Any CPU
		{CD219B94-FD80-420E-AABF-09C5D4E4F640}.Debug|Any CPU.ActiveCfg = Debug|Any CPU
		{CD219B94-FD80-420E-AABF-09C5D4E4F640}.Debug|Any CPU.Build.0 = Debug|Any CPU
		{CD219B94-FD80-420E-AABF-09C5D4E4F640}.Release|Any CPU.ActiveCfg = Release|Any CPU
		{CD219B94-FD80-420E-AABF-09C5D4E4F640}.Release|Any CPU.Build.0 = Release|Any CPU
		{5C0886B8-5223-4DBA-A641-E230FE9EDC8D}.Debug|Any CPU.ActiveCfg = Debug|Any CPU
		{5C0886B8-5223-4DBA-A641-E230FE9EDC8D}.Debug|Any CPU.Build.0 = Debug|Any CPU
		{5C0886B8-5223-4DBA-A641-E230FE9EDC8D}.Release|Any CPU.ActiveCfg = Release|Any CPU
		{5C0886B8-5223-4DBA-A641-E230FE9EDC8D}.Release|Any CPU.Build.0 = Release|Any CPU
	EndGlobalSection
	GlobalSection(SolutionProperties) = preSolution
		HideSolutionNode = FALSE
	EndGlobalSection
	GlobalSection(NestedProjects) = preSolution
		{5B371FBC-5B7F-43AC-B103-1CF257A8511C} = {3A921E4B-423F-4154-A6DB-8B99F9F9C798}
		{33F794EA-A879-4487-9A4E-28E22E3C3ED5} = {3A921E4B-423F-4154-A6DB-8B99F9F9C798}
		{EC59A262-DAB6-4A5F-8CCF-4B072FA65797} = {3A921E4B-423F-4154-A6DB-8B99F9F9C798}
		{79EAB32C-F213-4664-ADF5-1769D23FC8B6} = {3A921E4B-423F-4154-A6DB-8B99F9F9C798}
		{6017AA88-5E5D-40E4-B75A-AFFD478F73A4} = {3A921E4B-423F-4154-A6DB-8B99F9F9C798}
		{5135AF76-18E9-4D95-83AC-44B49FD8FF4E} = {3A921E4B-423F-4154-A6DB-8B99F9F9C798}
		{596D2163-46EC-4CF3-92D2-40231C70B8D6} = {2EC1E8F4-C004-421C-A3B3-B551BE5A6E38}
		{4AD627F0-3887-422B-9CB5-FC77ECDF47ED} = {2EC1E8F4-C004-421C-A3B3-B551BE5A6E38}
		{896F88D7-17BC-4623-84FE-AA4E4814BC20} = {2EC1E8F4-C004-421C-A3B3-B551BE5A6E38}
		{2A401E2E-9673-47AC-B3E1-C791BEA5046F} = {2EC1E8F4-C004-421C-A3B3-B551BE5A6E38}
		{CD219B94-FD80-420E-AABF-09C5D4E4F640} = {3A921E4B-423F-4154-A6DB-8B99F9F9C798}
		{5C0886B8-5223-4DBA-A641-E230FE9EDC8D} = {C5FD8F9E-D9EE-4C86-A250-EB73BBA85B4A}
	EndGlobalSection
	GlobalSection(ExtensibilityGlobals) = postSolution
		SolutionGuid = {49E6AD45-90EF-4C6A-A9BD-F61A83872A12}
	EndGlobalSection
EndGlobal
